
Microsoft Visual Studio Solution File, Format Version 12.00
# Visual Studio Version 17
VisualStudioVersion = 17.12.35707.178 d17.12
MinimumVisualStudioVersion = 10.0.40219.1
Project("{FAE04EC0-301F-11D3-BF4B-00C04F79EFBC}") = "Demo_IEnumarable&IQueryable", "Demo_IEnumarable&IQueryable.csproj", "{65D21EA4-3754-4271-B9B6-5428C77B4AEF}"
EndProject
Global
	GlobalSection(SolutionConfigurationPlatforms) = preSolution
		Debug|Any CPU = Debug|Any CPU
		Release|Any CPU = Release|Any CPU
	EndGlobalSection
	GlobalSection(ProjectConfigurationPlatforms) = postSolution
		{65D21EA4-3754-4271-B9B6-5428C77B4AEF}.Debug|Any CPU.ActiveCfg = Debug|Any CPU
		{65D21EA4-3754-4271-B9B6-5428C77B4AEF}.Debug|Any CPU.Build.0 = Debug|Any CPU
		{65D21EA4-3754-4271-B9B6-5428C77B4AEF}.Release|Any CPU.ActiveCfg = Release|Any CPU
		{65D21EA4-3754-4271-B9B6-5428C77B4AEF}.Release|Any CPU.Build.0 = Release|Any CPU
	EndGlobalSection
	GlobalSection(SolutionProperties) = preSolution
		HideSolutionNode = FALSE
	EndGlobalSection
EndGlobal
