
Microsoft Visual Studio Solution File, Format Version 12.00
# Visual Studio Version 17
VisualStudioVersion = 17.12.35707.178 d17.12
MinimumVisualStudioVersion = 10.0.40219.1
Project("{FAE04EC0-301F-11D3-BF4B-00C04F79EFBC}") = "Demo_Directory", "Demo_Directory.csproj", "{689AF4F1-D399-4CF5-A81A-EDB205B3FD38}"
EndProject
Global
	GlobalSection(SolutionConfigurationPlatforms) = preSolution
		Debug|Any CPU = Debug|Any CPU
		Release|Any CPU = Release|Any CPU
	EndGlobalSection
	GlobalSection(ProjectConfigurationPlatforms) = postSolution
		{689AF4F1-D399-4CF5-A81A-EDB205B3FD38}.Debug|Any CPU.ActiveCfg = Debug|Any CPU
		{689AF4F1-D399-4CF5-A81A-EDB205B3FD38}.Debug|Any CPU.Build.0 = Debug|Any CPU
		{689AF4F1-D399-4CF5-A81A-EDB205B3FD38}.Release|Any CPU.ActiveCfg = Release|Any CPU
		{689AF4F1-D399-4CF5-A81A-EDB205B3FD38}.Release|Any CPU.Build.0 = Release|Any CPU
	EndGlobalSection
	GlobalSection(SolutionProperties) = preSolution
		HideSolutionNode = FALSE
	EndGlobalSection
EndGlobal
