
Microsoft Visual Studio Solution File, Format Version 12.00
# Visual Studio Version 17
VisualStudioVersion = 17.10.35027.167
MinimumVisualStudioVersion = 10.0.40219.1
Project("{FAE04EC0-301F-11D3-BF4B-00C04F79EFBC}") = "Diamond Problem(Explicit Interface Implementation)", "Diamond Problem(Explicit Interface Implementation).csproj", "{5428E0AE-F560-4DBB-AE92-8A126380DB7C}"
EndProject
Global
	GlobalSection(SolutionConfigurationPlatforms) = preSolution
		Debug|Any CPU = Debug|Any CPU
		Release|Any CPU = Release|Any CPU
	EndGlobalSection
	GlobalSection(ProjectConfigurationPlatforms) = postSolution
		{5428E0AE-F560-4DBB-AE92-8A126380DB7C}.Debug|Any CPU.ActiveCfg = Debug|Any CPU
		{5428E0AE-F560-4DBB-AE92-8A126380DB7C}.Debug|Any CPU.Build.0 = Debug|Any CPU
		{5428E0AE-F560-4DBB-AE92-8A126380DB7C}.Release|Any CPU.ActiveCfg = Release|Any CPU
		{5428E0AE-F560-4DBB-AE92-8A126380DB7C}.Release|Any CPU.Build.0 = Release|Any CPU
	EndGlobalSection
	GlobalSection(SolutionProperties) = preSolution
		HideSolutionNode = FALSE
	EndGlobalSection
	GlobalSection(ExtensibilityGlobals) = postSolution
		SolutionGuid = {F0ADFCA0-FBEF-4AD7-8D65-35187E2BB650}
	EndGlobalSection
EndGlobal
