
Microsoft Visual Studio Solution File, Format Version 12.00
# Visual Studio Version 17
VisualStudioVersion = 17.12.35707.178 d17.12
MinimumVisualStudioVersion = 10.0.40219.1
Project("{FAE04EC0-301F-11D3-BF4B-00C04F79EFBC}") = "EventsAndDelegatesDemo3", "EventsAndDelegatesDemo3.csproj", "{F55C7D0D-2E3D-47C5-A403-F30B8520D77F}"
EndProject
Global
	GlobalSection(SolutionConfigurationPlatforms) = preSolution
		Debug|Any CPU = Debug|Any CPU
		Release|Any CPU = Release|Any CPU
	EndGlobalSection
	GlobalSection(ProjectConfigurationPlatforms) = postSolution
		{F55C7D0D-2E3D-47C5-A403-F30B8520D77F}.Debug|Any CPU.ActiveCfg = Debug|Any CPU
		{F55C7D0D-2E3D-47C5-A403-F30B8520D77F}.Debug|Any CPU.Build.0 = Debug|Any CPU
		{F55C7D0D-2E3D-47C5-A403-F30B8520D77F}.Release|Any CPU.ActiveCfg = Release|Any CPU
		{F55C7D0D-2E3D-47C5-A403-F30B8520D77F}.Release|Any CPU.Build.0 = Release|Any CPU
	EndGlobalSection
	GlobalSection(SolutionProperties) = preSolution
		HideSolutionNode = FALSE
	EndGlobalSection
EndGlobal
